{
  "name": "hackernuxt",
  "version": "1.0.0",
  "lockfileVersion": 1,
  "requires": true,
  "dependencies": {
    "tachyons": {
      "version": "4.9.0",
      "resolved": "https://registry.npmjs.org/tachyons/-/tachyons-4.9.0.tgz",
      "integrity": "sha512-bq40Dxl0Q9LFcFsoU4BmTlR4Y9Ta/9AClAhmKhBBdXN0isup9dXtYmFIJGYHz2EOVOf/gO/FONEH0BDa/iNYkg=="
    },
    "tachyons-debug": {
      "version": "1.1.10",
      "resolved": "https://registry.npmjs.org/tachyons-debug/-/tachyons-debug-1.1.10.tgz",
      "integrity": "sha1-PqqgXi0HFNe8+olymR9n3cjMmAs="
    }
  }
}
